// !$*UTF8*$!
{
	archiveVersion = 1;
	classes = {
	};
	objectVersion = 55;
	objects = {

/* Begin PBXBuildFile section */
		4E09541027A6C76000FA4726 /* DomainError.swift in Sources */ = {isa = PBXBuildFile; fileRef = 4E09540F27A6C76000FA4726 /* DomainError.swift */; };
		4E09541227A6C9C100FA4726 /* HttpError.swift in Sources */ = {isa = PBXBuildFile; fileRef = 4E09541127A6C9C100FA4726 /* HttpError.swift */; };
		4E09541527A6D9F400FA4726 /* ExtensionHelpers.swift in Sources */ = {isa = PBXBuildFile; fileRef = 4E09541427A6D9F400FA4726 /* ExtensionHelpers.swift */; };
		4E7CBDFE279CA1D000C586C5 /* AddAccount.swift in Sources */ = {isa = PBXBuildFile; fileRef = 4E7CBDFD279CA1D000C586C5 /* AddAccount.swift */; };
		4E7CBE00279CA30E00C586C5 /* AccountModel.swift in Sources */ = {isa = PBXBuildFile; fileRef = 4E7CBDFF279CA30E00C586C5 /* AccountModel.swift */; };
		4E7CBE0E279CA37B00C586C5 /* Data.framework in Frameworks */ = {isa = PBXBuildFile; fileRef = 4E7CBE06279CA37B00C586C5 /* Data.framework */; };
		4E7CBE13279CA37B00C586C5 /* RemoteAddAccount.swift in Sources */ = {isa = PBXBuildFile; fileRef = 4E7CBE12279CA37B00C586C5 /* RemoteAddAccount.swift */; };
		4E7CBE1C279CA43B00C586C5 /* Domain.framework in Frameworks */ = {isa = PBXBuildFile; fileRef = 4E7CBDF6279CA16000C586C5 /* Domain.framework */; };
		4E7CBE1D279CA43C00C586C5 /* Domain.framework in Embed Frameworks */ = {isa = PBXBuildFile; fileRef = 4E7CBDF6279CA16000C586C5 /* Domain.framework */; settings = {ATTRIBUTES = (CodeSignOnCopy, RemoveHeadersOnCopy, ); }; };
		4E7CBE22279DF53700C586C5 /* Model.swift in Sources */ = {isa = PBXBuildFile; fileRef = 4E7CBE21279DF53700C586C5 /* Model.swift */; };
		4E7CBE24279DF5F500C586C5 /* RemoteAddAccount.swift in Sources */ = {isa = PBXBuildFile; fileRef = 4E7CBE23279DF5F500C586C5 /* RemoteAddAccount.swift */; };
		4E7CBE26279DF69200C586C5 /* HttpPostClient.swift in Sources */ = {isa = PBXBuildFile; fileRef = 4E7CBE25279DF69200C586C5 /* HttpPostClient.swift */; };
		4E975F2527C82AC200D97675 /* TestExtentions.swift in Sources */ = {isa = PBXBuildFile; fileRef = 4E975F2427C82AC200D97675 /* TestExtentions.swift */; };
		4E975F2727C82B4200D97675 /* TestFactories.swift in Sources */ = {isa = PBXBuildFile; fileRef = 4E975F2627C82B4200D97675 /* TestFactories.swift */; };
		4E975F2A27C82BEB00D97675 /* HttpClientSpy.swift in Sources */ = {isa = PBXBuildFile; fileRef = 4E975F2927C82BEB00D97675 /* HttpClientSpy.swift */; };
		4E975F2D27C82C5000D97675 /* AccountModelFactory.swift in Sources */ = {isa = PBXBuildFile; fileRef = 4E975F2C27C82C5000D97675 /* AccountModelFactory.swift */; };
		4E975F3B27C82DBF00D97675 /* Infra.framework in Frameworks */ = {isa = PBXBuildFile; fileRef = 4E975F3327C82DBF00D97675 /* Infra.framework */; };
		4E975F4027C82DBF00D97675 /* AlamofireAdapterTests.swift in Sources */ = {isa = PBXBuildFile; fileRef = 4E975F3F27C82DBF00D97675 /* AlamofireAdapterTests.swift */; };
		4E975F4827C82F1300D97675 /* Data.framework in Frameworks */ = {isa = PBXBuildFile; fileRef = 4E7CBE06279CA37B00C586C5 /* Data.framework */; };
		4E975F4927C82F1300D97675 /* Data.framework in Embed Frameworks */ = {isa = PBXBuildFile; fileRef = 4E7CBE06279CA37B00C586C5 /* Data.framework */; settings = {ATTRIBUTES = (CodeSignOnCopy, RemoveHeadersOnCopy, ); }; };
		4E975F4D27C82F3C00D97675 /* TestExtentions.swift in Sources */ = {isa = PBXBuildFile; fileRef = 4E975F2427C82AC200D97675 /* TestExtentions.swift */; };
		4E975F4E27C82F4500D97675 /* TestFactories.swift in Sources */ = {isa = PBXBuildFile; fileRef = 4E975F2627C82B4200D97675 /* TestFactories.swift */; };
		4E975F5127C8300F00D97675 /* Alamofire in Frameworks */ = {isa = PBXBuildFile; productRef = 4E975F5027C8300F00D97675 /* Alamofire */; };
		4E975F5627CA5CF900D97675 /* AlamofireAdapter.swift in Sources */ = {isa = PBXBuildFile; fileRef = 4E975F5527CA5CF900D97675 /* AlamofireAdapter.swift */; };
		4E975F5A27CA5F0A00D97675 /* UrlProtocolStub.swift in Sources */ = {isa = PBXBuildFile; fileRef = 4E975F5927CA5F0A00D97675 /* UrlProtocolStub.swift */; };
		4E975F6227CA685F00D97675 /* AddAccountIntegrationTests.swift in Sources */ = {isa = PBXBuildFile; fileRef = 4E975F6127CA685F00D97675 /* AddAccountIntegrationTests.swift */; };
		4E975F6327CA685F00D97675 /* Data.framework in Frameworks */ = {isa = PBXBuildFile; fileRef = 4E7CBE06279CA37B00C586C5 /* Data.framework */; };
		4E975F7A27CAD04C00D97675 /* Presentation.framework in Frameworks */ = {isa = PBXBuildFile; fileRef = 4E975F7227CAD04C00D97675 /* Presentation.framework */; };
		4E975F7F27CAD04C00D97675 /* SignUpPresenterTests.swift in Sources */ = {isa = PBXBuildFile; fileRef = 4E975F7E27CAD04C00D97675 /* SignUpPresenterTests.swift */; };
/* End PBXBuildFile section */

/* Begin PBXContainerItemProxy section */
		4E7CBE0F279CA37B00C586C5 /* PBXContainerItemProxy */ = {
			isa = PBXContainerItemProxy;
			containerPortal = 4E7CBDDE279CA09400C586C5 /* Project object */;
			proxyType = 1;
			remoteGlobalIDString = 4E7CBE05279CA37B00C586C5;
			remoteInfo = Data;
		};
		4E7CBE1E279CA43C00C586C5 /* PBXContainerItemProxy */ = {
			isa = PBXContainerItemProxy;
			containerPortal = 4E7CBDDE279CA09400C586C5 /* Project object */;
			proxyType = 1;
			remoteGlobalIDString = 4E7CBDF5279CA16000C586C5;
			remoteInfo = Domain;
		};
		4E975F3C27C82DBF00D97675 /* PBXContainerItemProxy */ = {
			isa = PBXContainerItemProxy;
			containerPortal = 4E7CBDDE279CA09400C586C5 /* Project object */;
			proxyType = 1;
			remoteGlobalIDString = 4E975F3227C82DBF00D97675;
			remoteInfo = Infra;
		};
		4E975F4A27C82F1300D97675 /* PBXContainerItemProxy */ = {
			isa = PBXContainerItemProxy;
			containerPortal = 4E7CBDDE279CA09400C586C5 /* Project object */;
			proxyType = 1;
			remoteGlobalIDString = 4E7CBE05279CA37B00C586C5;
			remoteInfo = Data;
		};
		4E975F6427CA685F00D97675 /* PBXContainerItemProxy */ = {
			isa = PBXContainerItemProxy;
			containerPortal = 4E7CBDDE279CA09400C586C5 /* Project object */;
			proxyType = 1;
			remoteGlobalIDString = 4E7CBE05279CA37B00C586C5;
			remoteInfo = Data;
		};
		4E975F6927CA687700D97675 /* PBXContainerItemProxy */ = {
			isa = PBXContainerItemProxy;
			containerPortal = 4E7CBDDE279CA09400C586C5 /* Project object */;
			proxyType = 1;
			remoteGlobalIDString = 4E7CBDF5279CA16000C586C5;
			remoteInfo = Domain;
		};
		4E975F6B27CA687700D97675 /* PBXContainerItemProxy */ = {
			isa = PBXContainerItemProxy;
			containerPortal = 4E7CBDDE279CA09400C586C5 /* Project object */;
			proxyType = 1;
			remoteGlobalIDString = 4E975F3227C82DBF00D97675;
			remoteInfo = Infra;
		};
		4E975F7B27CAD04C00D97675 /* PBXContainerItemProxy */ = {
			isa = PBXContainerItemProxy;
			containerPortal = 4E7CBDDE279CA09400C586C5 /* Project object */;
			proxyType = 1;
			remoteGlobalIDString = 4E975F7127CAD04C00D97675;
			remoteInfo = Presentation;
		};
/* End PBXContainerItemProxy section */

/* Begin PBXCopyFilesBuildPhase section */
		4E7CBE20279CA43C00C586C5 /* Embed Frameworks */ = {
			isa = PBXCopyFilesBuildPhase;
			buildActionMask = 2147483647;
			dstPath = "";
			dstSubfolderSpec = 10;
			files = (
				4E7CBE1D279CA43C00C586C5 /* Domain.framework in Embed Frameworks */,
			);
			name = "Embed Frameworks";
			runOnlyForDeploymentPostprocessing = 0;
		};
		4E975F4C27C82F1300D97675 /* Embed Frameworks */ = {
			isa = PBXCopyFilesBuildPhase;
			buildActionMask = 2147483647;
			dstPath = "";
			dstSubfolderSpec = 10;
			files = (
				4E975F4927C82F1300D97675 /* Data.framework in Embed Frameworks */,
			);
			name = "Embed Frameworks";
			runOnlyForDeploymentPostprocessing = 0;
		};
/* End PBXCopyFilesBuildPhase section */

/* Begin PBXFileReference section */
		4E09540F27A6C76000FA4726 /* DomainError.swift */ = {isa = PBXFileReference; lastKnownFileType = sourcecode.swift; path = DomainError.swift; sourceTree = "<group>"; };
		4E09541127A6C9C100FA4726 /* HttpError.swift */ = {isa = PBXFileReference; lastKnownFileType = sourcecode.swift; path = HttpError.swift; sourceTree = "<group>"; };
		4E09541427A6D9F400FA4726 /* ExtensionHelpers.swift */ = {isa = PBXFileReference; lastKnownFileType = sourcecode.swift; path = ExtensionHelpers.swift; sourceTree = "<group>"; };
		4E7CBDF6279CA16000C586C5 /* Domain.framework */ = {isa = PBXFileReference; explicitFileType = wrapper.framework; includeInIndex = 0; path = Domain.framework; sourceTree = BUILT_PRODUCTS_DIR; };
		4E7CBDFD279CA1D000C586C5 /* AddAccount.swift */ = {isa = PBXFileReference; lastKnownFileType = sourcecode.swift; path = AddAccount.swift; sourceTree = "<group>"; };
		4E7CBDFF279CA30E00C586C5 /* AccountModel.swift */ = {isa = PBXFileReference; lastKnownFileType = sourcecode.swift; path = AccountModel.swift; sourceTree = "<group>"; };
		4E7CBE06279CA37B00C586C5 /* Data.framework */ = {isa = PBXFileReference; explicitFileType = wrapper.framework; includeInIndex = 0; path = Data.framework; sourceTree = BUILT_PRODUCTS_DIR; };
		4E7CBE0D279CA37B00C586C5 /* DataTests.xctest */ = {isa = PBXFileReference; explicitFileType = wrapper.cfbundle; includeInIndex = 0; path = DataTests.xctest; sourceTree = BUILT_PRODUCTS_DIR; };
		4E7CBE12279CA37B00C586C5 /* RemoteAddAccount.swift */ = {isa = PBXFileReference; lastKnownFileType = sourcecode.swift; path = RemoteAddAccount.swift; sourceTree = "<group>"; };
		4E7CBE21279DF53700C586C5 /* Model.swift */ = {isa = PBXFileReference; lastKnownFileType = sourcecode.swift; path = Model.swift; sourceTree = "<group>"; };
		4E7CBE23279DF5F500C586C5 /* RemoteAddAccount.swift */ = {isa = PBXFileReference; lastKnownFileType = sourcecode.swift; path = RemoteAddAccount.swift; sourceTree = "<group>"; };
		4E7CBE25279DF69200C586C5 /* HttpPostClient.swift */ = {isa = PBXFileReference; lastKnownFileType = sourcecode.swift; path = HttpPostClient.swift; sourceTree = "<group>"; };
		4E975F2427C82AC200D97675 /* TestExtentions.swift */ = {isa = PBXFileReference; lastKnownFileType = sourcecode.swift; path = TestExtentions.swift; sourceTree = "<group>"; };
		4E975F2627C82B4200D97675 /* TestFactories.swift */ = {isa = PBXFileReference; lastKnownFileType = sourcecode.swift; path = TestFactories.swift; sourceTree = "<group>"; };
		4E975F2927C82BEB00D97675 /* HttpClientSpy.swift */ = {isa = PBXFileReference; lastKnownFileType = sourcecode.swift; path = HttpClientSpy.swift; sourceTree = "<group>"; };
		4E975F2C27C82C5000D97675 /* AccountModelFactory.swift */ = {isa = PBXFileReference; lastKnownFileType = sourcecode.swift; path = AccountModelFactory.swift; sourceTree = "<group>"; };
		4E975F3327C82DBF00D97675 /* Infra.framework */ = {isa = PBXFileReference; explicitFileType = wrapper.framework; includeInIndex = 0; path = Infra.framework; sourceTree = BUILT_PRODUCTS_DIR; };
		4E975F3A27C82DBF00D97675 /* InfraTests.xctest */ = {isa = PBXFileReference; explicitFileType = wrapper.cfbundle; includeInIndex = 0; path = InfraTests.xctest; sourceTree = BUILT_PRODUCTS_DIR; };
		4E975F3F27C82DBF00D97675 /* AlamofireAdapterTests.swift */ = {isa = PBXFileReference; lastKnownFileType = sourcecode.swift; path = AlamofireAdapterTests.swift; sourceTree = "<group>"; };
		4E975F5527CA5CF900D97675 /* AlamofireAdapter.swift */ = {isa = PBXFileReference; lastKnownFileType = sourcecode.swift; path = AlamofireAdapter.swift; sourceTree = "<group>"; };
		4E975F5927CA5F0A00D97675 /* UrlProtocolStub.swift */ = {isa = PBXFileReference; lastKnownFileType = sourcecode.swift; path = UrlProtocolStub.swift; sourceTree = "<group>"; };
		4E975F5F27CA685F00D97675 /* UseCasesIntegrationTests.xctest */ = {isa = PBXFileReference; explicitFileType = wrapper.cfbundle; includeInIndex = 0; path = UseCasesIntegrationTests.xctest; sourceTree = BUILT_PRODUCTS_DIR; };
		4E975F6127CA685F00D97675 /* AddAccountIntegrationTests.swift */ = {isa = PBXFileReference; lastKnownFileType = sourcecode.swift; path = AddAccountIntegrationTests.swift; sourceTree = "<group>"; };
		4E975F7227CAD04C00D97675 /* Presentation.framework */ = {isa = PBXFileReference; explicitFileType = wrapper.framework; includeInIndex = 0; path = Presentation.framework; sourceTree = BUILT_PRODUCTS_DIR; };
		4E975F7927CAD04C00D97675 /* PresentationTests.xctest */ = {isa = PBXFileReference; explicitFileType = wrapper.cfbundle; includeInIndex = 0; path = PresentationTests.xctest; sourceTree = BUILT_PRODUCTS_DIR; };
		4E975F7E27CAD04C00D97675 /* SignUpPresenterTests.swift */ = {isa = PBXFileReference; lastKnownFileType = sourcecode.swift; path = SignUpPresenterTests.swift; sourceTree = "<group>"; };
/* End PBXFileReference section */

/* Begin PBXFrameworksBuildPhase section */
		4E7CBDF3279CA16000C586C5 /* Frameworks */ = {
			isa = PBXFrameworksBuildPhase;
			buildActionMask = 2147483647;
			files = (
			);
			runOnlyForDeploymentPostprocessing = 0;
		};
		4E7CBE03279CA37B00C586C5 /* Frameworks */ = {
			isa = PBXFrameworksBuildPhase;
			buildActionMask = 2147483647;
			files = (
				4E7CBE1C279CA43B00C586C5 /* Domain.framework in Frameworks */,
			);
			runOnlyForDeploymentPostprocessing = 0;
		};
		4E7CBE0A279CA37B00C586C5 /* Frameworks */ = {
			isa = PBXFrameworksBuildPhase;
			buildActionMask = 2147483647;
			files = (
				4E7CBE0E279CA37B00C586C5 /* Data.framework in Frameworks */,
			);
			runOnlyForDeploymentPostprocessing = 0;
		};
		4E975F3027C82DBF00D97675 /* Frameworks */ = {
			isa = PBXFrameworksBuildPhase;
			buildActionMask = 2147483647;
			files = (
				4E975F4827C82F1300D97675 /* Data.framework in Frameworks */,
				4E975F5127C8300F00D97675 /* Alamofire in Frameworks */,
			);
			runOnlyForDeploymentPostprocessing = 0;
		};
		4E975F3727C82DBF00D97675 /* Frameworks */ = {
			isa = PBXFrameworksBuildPhase;
			buildActionMask = 2147483647;
			files = (
				4E975F3B27C82DBF00D97675 /* Infra.framework in Frameworks */,
			);
			runOnlyForDeploymentPostprocessing = 0;
		};
		4E975F5C27CA685F00D97675 /* Frameworks */ = {
			isa = PBXFrameworksBuildPhase;
			buildActionMask = 2147483647;
			files = (
				4E975F6327CA685F00D97675 /* Data.framework in Frameworks */,
			);
			runOnlyForDeploymentPostprocessing = 0;
		};
		4E975F6F27CAD04C00D97675 /* Frameworks */ = {
			isa = PBXFrameworksBuildPhase;
			buildActionMask = 2147483647;
			files = (
			);
			runOnlyForDeploymentPostprocessing = 0;
		};
		4E975F7627CAD04C00D97675 /* Frameworks */ = {
			isa = PBXFrameworksBuildPhase;
			buildActionMask = 2147483647;
			files = (
				4E975F7A27CAD04C00D97675 /* Presentation.framework in Frameworks */,
			);
			runOnlyForDeploymentPostprocessing = 0;
		};
/* End PBXFrameworksBuildPhase section */

/* Begin PBXGroup section */
		4E09540E27A6C74100FA4726 /* Errors */ = {
			isa = PBXGroup;
			children = (
				4E09540F27A6C76000FA4726 /* DomainError.swift */,
			);
			path = Errors;
			sourceTree = "<group>";
		};
		4E09541327A6D9D600FA4726 /* Helpers */ = {
			isa = PBXGroup;
			children = (
				4E09541427A6D9F400FA4726 /* ExtensionHelpers.swift */,
			);
			path = Helpers;
			sourceTree = "<group>";
		};
		4E7CBDDD279CA09400C586C5 = {
			isa = PBXGroup;
			children = (
				4E7CBDF7279CA16000C586C5 /* Domain */,
				4E7CBE07279CA37B00C586C5 /* Data */,
				4E7CBE11279CA37B00C586C5 /* DataTests */,
				4E975F3427C82DBF00D97675 /* Infra */,
				4E975F3E27C82DBF00D97675 /* InfraTests */,
				4E975F6027CA685F00D97675 /* UseCasesIntegrationTests */,
				4E975F7327CAD04C00D97675 /* Presentation */,
				4E975F7D27CAD04C00D97675 /* PresentationTests */,
				4E7CBDE8279CA09500C586C5 /* Products */,
				4E7CBE1B279CA43B00C586C5 /* Frameworks */,
			);
			sourceTree = "<group>";
		};
		4E7CBDE8279CA09500C586C5 /* Products */ = {
			isa = PBXGroup;
			children = (
				4E7CBDF6279CA16000C586C5 /* Domain.framework */,
				4E7CBE06279CA37B00C586C5 /* Data.framework */,
				4E7CBE0D279CA37B00C586C5 /* DataTests.xctest */,
				4E975F3327C82DBF00D97675 /* Infra.framework */,
				4E975F3A27C82DBF00D97675 /* InfraTests.xctest */,
				4E975F5F27CA685F00D97675 /* UseCasesIntegrationTests.xctest */,
				4E975F7227CAD04C00D97675 /* Presentation.framework */,
				4E975F7927CAD04C00D97675 /* PresentationTests.xctest */,
			);
			name = Products;
			sourceTree = "<group>";
		};
		4E7CBDF7279CA16000C586C5 /* Domain */ = {
			isa = PBXGroup;
			children = (
				4E7CBE27279DF73200C586C5 /* UseCases */,
				4E7CBE28279DF74400C586C5 /* Models */,
				4E09540E27A6C74100FA4726 /* Errors */,
			);
			path = Domain;
			sourceTree = "<group>";
		};
		4E7CBE07279CA37B00C586C5 /* Data */ = {
			isa = PBXGroup;
			children = (
				4E09541327A6D9D600FA4726 /* Helpers */,
				4E7CBE29279DF76200C586C5 /* UseCases */,
				4E7CBE2A279DF77A00C586C5 /* Http */,
			);
			path = Data;
			sourceTree = "<group>";
		};
		4E7CBE11279CA37B00C586C5 /* DataTests */ = {
			isa = PBXGroup;
			children = (
				4E975F2327C82A7700D97675 /* Helpers */,
				4E7CBE2B279DF78E00C586C5 /* UseCases */,
				4E975F2827C82BC200D97675 /* Http */,
			);
			path = DataTests;
			sourceTree = "<group>";
		};
		4E7CBE1B279CA43B00C586C5 /* Frameworks */ = {
			isa = PBXGroup;
			children = (
			);
			name = Frameworks;
			sourceTree = "<group>";
		};
		4E7CBE27279DF73200C586C5 /* UseCases */ = {
			isa = PBXGroup;
			children = (
				4E7CBDFD279CA1D000C586C5 /* AddAccount.swift */,
			);
			path = UseCases;
			sourceTree = "<group>";
		};
		4E7CBE28279DF74400C586C5 /* Models */ = {
			isa = PBXGroup;
			children = (
				4E7CBDFF279CA30E00C586C5 /* AccountModel.swift */,
				4E7CBE21279DF53700C586C5 /* Model.swift */,
			);
			path = Models;
			sourceTree = "<group>";
		};
		4E7CBE29279DF76200C586C5 /* UseCases */ = {
			isa = PBXGroup;
			children = (
				4E7CBE23279DF5F500C586C5 /* RemoteAddAccount.swift */,
			);
			path = UseCases;
			sourceTree = "<group>";
		};
		4E7CBE2A279DF77A00C586C5 /* Http */ = {
			isa = PBXGroup;
			children = (
				4E7CBE25279DF69200C586C5 /* HttpPostClient.swift */,
				4E09541127A6C9C100FA4726 /* HttpError.swift */,
			);
			path = Http;
			sourceTree = "<group>";
		};
		4E7CBE2B279DF78E00C586C5 /* UseCases */ = {
			isa = PBXGroup;
			children = (
				4E7CBE12279CA37B00C586C5 /* RemoteAddAccount.swift */,
			);
			path = UseCases;
			sourceTree = "<group>";
		};
		4E975F2327C82A7700D97675 /* Helpers */ = {
			isa = PBXGroup;
			children = (
				4E975F2427C82AC200D97675 /* TestExtentions.swift */,
				4E975F2627C82B4200D97675 /* TestFactories.swift */,
				4E975F2C27C82C5000D97675 /* AccountModelFactory.swift */,
			);
			path = Helpers;
			sourceTree = "<group>";
		};
		4E975F2827C82BC200D97675 /* Http */ = {
			isa = PBXGroup;
			children = (
				4E975F2927C82BEB00D97675 /* HttpClientSpy.swift */,
			);
			path = Http;
			sourceTree = "<group>";
		};
		4E975F3427C82DBF00D97675 /* Infra */ = {
			isa = PBXGroup;
			children = (
				4E975F5727CA5DF400D97675 /* Http */,
			);
			path = Infra;
			sourceTree = "<group>";
		};
		4E975F3E27C82DBF00D97675 /* InfraTests */ = {
			isa = PBXGroup;
			children = (
				4E975F5827CA5EED00D97675 /* Http */,
			);
			path = InfraTests;
			sourceTree = "<group>";
		};
		4E975F5727CA5DF400D97675 /* Http */ = {
			isa = PBXGroup;
			children = (
				4E975F5527CA5CF900D97675 /* AlamofireAdapter.swift */,
			);
			path = Http;
			sourceTree = "<group>";
		};
		4E975F5827CA5EED00D97675 /* Http */ = {
			isa = PBXGroup;
			children = (
				4E975F3F27C82DBF00D97675 /* AlamofireAdapterTests.swift */,
				4E975F5927CA5F0A00D97675 /* UrlProtocolStub.swift */,
			);
			path = Http;
			sourceTree = "<group>";
		};
		4E975F6027CA685F00D97675 /* UseCasesIntegrationTests */ = {
			isa = PBXGroup;
			children = (
				4E975F6127CA685F00D97675 /* AddAccountIntegrationTests.swift */,
			);
			path = UseCasesIntegrationTests;
			sourceTree = "<group>";
		};
		4E975F7327CAD04C00D97675 /* Presentation */ = {
			isa = PBXGroup;
			children = (
			);
			path = Presentation;
			sourceTree = "<group>";
		};
		4E975F7D27CAD04C00D97675 /* PresentationTests */ = {
			isa = PBXGroup;
			children = (
				4E975F7E27CAD04C00D97675 /* SignUpPresenterTests.swift */,
			);
			path = PresentationTests;
			sourceTree = "<group>";
		};
/* End PBXGroup section */

/* Begin PBXHeadersBuildPhase section */
		4E7CBDF1279CA16000C586C5 /* Headers */ = {
			isa = PBXHeadersBuildPhase;
			buildActionMask = 2147483647;
			files = (
			);
			runOnlyForDeploymentPostprocessing = 0;
		};
		4E7CBE01279CA37B00C586C5 /* Headers */ = {
			isa = PBXHeadersBuildPhase;
			buildActionMask = 2147483647;
			files = (
			);
			runOnlyForDeploymentPostprocessing = 0;
		};
		4E975F2E27C82DBF00D97675 /* Headers */ = {
			isa = PBXHeadersBuildPhase;
			buildActionMask = 2147483647;
			files = (
			);
			runOnlyForDeploymentPostprocessing = 0;
		};
		4E975F6D27CAD04C00D97675 /* Headers */ = {
			isa = PBXHeadersBuildPhase;
			buildActionMask = 2147483647;
			files = (
			);
			runOnlyForDeploymentPostprocessing = 0;
		};
/* End PBXHeadersBuildPhase section */

/* Begin PBXNativeTarget section */
		4E7CBDF5279CA16000C586C5 /* Domain */ = {
			isa = PBXNativeTarget;
			buildConfigurationList = 4E7CBDFA279CA16000C586C5 /* Build configuration list for PBXNativeTarget "Domain" */;
			buildPhases = (
				4E7CBDF1279CA16000C586C5 /* Headers */,
				4E7CBDF2279CA16000C586C5 /* Sources */,
				4E7CBDF3279CA16000C586C5 /* Frameworks */,
				4E7CBDF4279CA16000C586C5 /* Resources */,
			);
			buildRules = (
			);
			dependencies = (
			);
			name = Domain;
			productName = Domain;
			productReference = 4E7CBDF6279CA16000C586C5 /* Domain.framework */;
			productType = "com.apple.product-type.framework";
		};
		4E7CBE05279CA37B00C586C5 /* Data */ = {
			isa = PBXNativeTarget;
			buildConfigurationList = 4E7CBE15279CA37B00C586C5 /* Build configuration list for PBXNativeTarget "Data" */;
			buildPhases = (
				4E7CBE01279CA37B00C586C5 /* Headers */,
				4E7CBE02279CA37B00C586C5 /* Sources */,
				4E7CBE03279CA37B00C586C5 /* Frameworks */,
				4E7CBE04279CA37B00C586C5 /* Resources */,
				4E7CBE20279CA43C00C586C5 /* Embed Frameworks */,
			);
			buildRules = (
			);
			dependencies = (
				4E7CBE1F279CA43C00C586C5 /* PBXTargetDependency */,
			);
			name = Data;
			productName = Data;
			productReference = 4E7CBE06279CA37B00C586C5 /* Data.framework */;
			productType = "com.apple.product-type.framework";
		};
		4E7CBE0C279CA37B00C586C5 /* DataTests */ = {
			isa = PBXNativeTarget;
			buildConfigurationList = 4E7CBE18279CA37B00C586C5 /* Build configuration list for PBXNativeTarget "DataTests" */;
			buildPhases = (
				4E7CBE09279CA37B00C586C5 /* Sources */,
				4E7CBE0A279CA37B00C586C5 /* Frameworks */,
				4E7CBE0B279CA37B00C586C5 /* Resources */,
			);
			buildRules = (
			);
			dependencies = (
				4E7CBE10279CA37B00C586C5 /* PBXTargetDependency */,
			);
			name = DataTests;
			productName = DataTests;
			productReference = 4E7CBE0D279CA37B00C586C5 /* DataTests.xctest */;
			productType = "com.apple.product-type.bundle.unit-test";
		};
		4E975F3227C82DBF00D97675 /* Infra */ = {
			isa = PBXNativeTarget;
			buildConfigurationList = 4E975F4227C82DBF00D97675 /* Build configuration list for PBXNativeTarget "Infra" */;
			buildPhases = (
				4E975F2E27C82DBF00D97675 /* Headers */,
				4E975F2F27C82DBF00D97675 /* Sources */,
				4E975F3027C82DBF00D97675 /* Frameworks */,
				4E975F3127C82DBF00D97675 /* Resources */,
				4E975F4C27C82F1300D97675 /* Embed Frameworks */,
			);
			buildRules = (
			);
			dependencies = (
				4E975F4B27C82F1300D97675 /* PBXTargetDependency */,
			);
			name = Infra;
			packageProductDependencies = (
				4E975F5027C8300F00D97675 /* Alamofire */,
			);
			productName = Infra;
			productReference = 4E975F3327C82DBF00D97675 /* Infra.framework */;
			productType = "com.apple.product-type.framework";
		};
		4E975F3927C82DBF00D97675 /* InfraTests */ = {
			isa = PBXNativeTarget;
			buildConfigurationList = 4E975F4527C82DBF00D97675 /* Build configuration list for PBXNativeTarget "InfraTests" */;
			buildPhases = (
				4E975F3627C82DBF00D97675 /* Sources */,
				4E975F3727C82DBF00D97675 /* Frameworks */,
				4E975F3827C82DBF00D97675 /* Resources */,
			);
			buildRules = (
			);
			dependencies = (
				4E975F3D27C82DBF00D97675 /* PBXTargetDependency */,
			);
			name = InfraTests;
			productName = InfraTests;
			productReference = 4E975F3A27C82DBF00D97675 /* InfraTests.xctest */;
			productType = "com.apple.product-type.bundle.unit-test";
		};
		4E975F5E27CA685F00D97675 /* UseCasesIntegrationTests */ = {
			isa = PBXNativeTarget;
			buildConfigurationList = 4E975F6627CA685F00D97675 /* Build configuration list for PBXNativeTarget "UseCasesIntegrationTests" */;
			buildPhases = (
				4E975F5B27CA685F00D97675 /* Sources */,
				4E975F5C27CA685F00D97675 /* Frameworks */,
				4E975F5D27CA685F00D97675 /* Resources */,
			);
			buildRules = (
			);
			dependencies = (
				4E975F6A27CA687700D97675 /* PBXTargetDependency */,
				4E975F6C27CA687700D97675 /* PBXTargetDependency */,
				4E975F6527CA685F00D97675 /* PBXTargetDependency */,
			);
			name = UseCasesIntegrationTests;
			productName = UseCasesIntegrationTests;
			productReference = 4E975F5F27CA685F00D97675 /* UseCasesIntegrationTests.xctest */;
			productType = "com.apple.product-type.bundle.unit-test";
		};
		4E975F7127CAD04C00D97675 /* Presentation */ = {
			isa = PBXNativeTarget;
			buildConfigurationList = 4E975F8127CAD04C00D97675 /* Build configuration list for PBXNativeTarget "Presentation" */;
			buildPhases = (
				4E975F6D27CAD04C00D97675 /* Headers */,
				4E975F6E27CAD04C00D97675 /* Sources */,
				4E975F6F27CAD04C00D97675 /* Frameworks */,
				4E975F7027CAD04C00D97675 /* Resources */,
			);
			buildRules = (
			);
			dependencies = (
			);
			name = Presentation;
			productName = Presentation;
			productReference = 4E975F7227CAD04C00D97675 /* Presentation.framework */;
			productType = "com.apple.product-type.framework";
		};
		4E975F7827CAD04C00D97675 /* PresentationTests */ = {
			isa = PBXNativeTarget;
			buildConfigurationList = 4E975F8427CAD04C00D97675 /* Build configuration list for PBXNativeTarget "PresentationTests" */;
			buildPhases = (
				4E975F7527CAD04C00D97675 /* Sources */,
				4E975F7627CAD04C00D97675 /* Frameworks */,
				4E975F7727CAD04C00D97675 /* Resources */,
			);
			buildRules = (
			);
			dependencies = (
				4E975F7C27CAD04C00D97675 /* PBXTargetDependency */,
			);
			name = PresentationTests;
			productName = PresentationTests;
			productReference = 4E975F7927CAD04C00D97675 /* PresentationTests.xctest */;
			productType = "com.apple.product-type.bundle.unit-test";
		};
/* End PBXNativeTarget section */

/* Begin PBXProject section */
		4E7CBDDE279CA09400C586C5 /* Project object */ = {
			isa = PBXProject;
			attributes = {
				BuildIndependentTargetsInParallel = 1;
				LastSwiftUpdateCheck = 1320;
				LastUpgradeCheck = 1320;
				TargetAttributes = {
					4E7CBDF5279CA16000C586C5 = {
						CreatedOnToolsVersion = 13.2.1;
						LastSwiftMigration = 1320;
					};
					4E7CBE05279CA37B00C586C5 = {
						CreatedOnToolsVersion = 13.2.1;
						LastSwiftMigration = 1320;
					};
					4E7CBE0C279CA37B00C586C5 = {
						CreatedOnToolsVersion = 13.2.1;
					};
					4E975F3227C82DBF00D97675 = {
						CreatedOnToolsVersion = 13.2.1;
						LastSwiftMigration = 1320;
					};
					4E975F3927C82DBF00D97675 = {
						CreatedOnToolsVersion = 13.2.1;
					};
					4E975F5E27CA685F00D97675 = {
						CreatedOnToolsVersion = 13.2.1;
					};
					4E975F7127CAD04C00D97675 = {
						CreatedOnToolsVersion = 13.2.1;
					};
					4E975F7827CAD04C00D97675 = {
						CreatedOnToolsVersion = 13.2.1;
					};
				};
			};
			buildConfigurationList = 4E7CBDE1279CA09400C586C5 /* Build configuration list for PBXProject "CleanApp" */;
			compatibilityVersion = "Xcode 13.0";
			developmentRegion = en;
			hasScannedForEncodings = 0;
			knownRegions = (
				en,
				Base,
			);
			mainGroup = 4E7CBDDD279CA09400C586C5;
			packageReferences = (
				4E975F4F27C8300F00D97675 /* XCRemoteSwiftPackageReference "Alamofire" */,
			);
			productRefGroup = 4E7CBDE8279CA09500C586C5 /* Products */;
			projectDirPath = "";
			projectRoot = "";
			targets = (
				4E7CBDF5279CA16000C586C5 /* Domain */,
				4E7CBE05279CA37B00C586C5 /* Data */,
				4E7CBE0C279CA37B00C586C5 /* DataTests */,
				4E975F3227C82DBF00D97675 /* Infra */,
				4E975F3927C82DBF00D97675 /* InfraTests */,
				4E975F5E27CA685F00D97675 /* UseCasesIntegrationTests */,
				4E975F7127CAD04C00D97675 /* Presentation */,
				4E975F7827CAD04C00D97675 /* PresentationTests */,
			);
		};
/* End PBXProject section */

/* Begin PBXResourcesBuildPhase section */
		4E7CBDF4279CA16000C586C5 /* Resources */ = {
			isa = PBXResourcesBuildPhase;
			buildActionMask = 2147483647;
			files = (
			);
			runOnlyForDeploymentPostprocessing = 0;
		};
		4E7CBE04279CA37B00C586C5 /* Resources */ = {
			isa = PBXResourcesBuildPhase;
			buildActionMask = 2147483647;
			files = (
			);
			runOnlyForDeploymentPostprocessing = 0;
		};
		4E7CBE0B279CA37B00C586C5 /* Resources */ = {
			isa = PBXResourcesBuildPhase;
			buildActionMask = 2147483647;
			files = (
			);
			runOnlyForDeploymentPostprocessing = 0;
		};
		4E975F3127C82DBF00D97675 /* Resources */ = {
			isa = PBXResourcesBuildPhase;
			buildActionMask = 2147483647;
			files = (
			);
			runOnlyForDeploymentPostprocessing = 0;
		};
		4E975F3827C82DBF00D97675 /* Resources */ = {
			isa = PBXResourcesBuildPhase;
			buildActionMask = 2147483647;
			files = (
			);
			runOnlyForDeploymentPostprocessing = 0;
		};
		4E975F5D27CA685F00D97675 /* Resources */ = {
			isa = PBXResourcesBuildPhase;
			buildActionMask = 2147483647;
			files = (
			);
			runOnlyForDeploymentPostprocessing = 0;
		};
		4E975F7027CAD04C00D97675 /* Resources */ = {
			isa = PBXResourcesBuildPhase;
			buildActionMask = 2147483647;
			files = (
			);
			runOnlyForDeploymentPostprocessing = 0;
		};
		4E975F7727CAD04C00D97675 /* Resources */ = {
			isa = PBXResourcesBuildPhase;
			buildActionMask = 2147483647;
			files = (
			);
			runOnlyForDeploymentPostprocessing = 0;
		};
/* End PBXResourcesBuildPhase section */

/* Begin PBXSourcesBuildPhase section */
		4E7CBDF2279CA16000C586C5 /* Sources */ = {
			isa = PBXSourcesBuildPhase;
			buildActionMask = 2147483647;
			files = (
				4E7CBE22279DF53700C586C5 /* Model.swift in Sources */,
				4E7CBDFE279CA1D000C586C5 /* AddAccount.swift in Sources */,
				4E09541027A6C76000FA4726 /* DomainError.swift in Sources */,
				4E7CBE00279CA30E00C586C5 /* AccountModel.swift in Sources */,
			);
			runOnlyForDeploymentPostprocessing = 0;
		};
		4E7CBE02279CA37B00C586C5 /* Sources */ = {
			isa = PBXSourcesBuildPhase;
			buildActionMask = 2147483647;
			files = (
				4E7CBE26279DF69200C586C5 /* HttpPostClient.swift in Sources */,
				4E09541527A6D9F400FA4726 /* ExtensionHelpers.swift in Sources */,
				4E09541227A6C9C100FA4726 /* HttpError.swift in Sources */,
				4E7CBE24279DF5F500C586C5 /* RemoteAddAccount.swift in Sources */,
			);
			runOnlyForDeploymentPostprocessing = 0;
		};
		4E7CBE09279CA37B00C586C5 /* Sources */ = {
			isa = PBXSourcesBuildPhase;
			buildActionMask = 2147483647;
			files = (
				4E975F2727C82B4200D97675 /* TestFactories.swift in Sources */,
				4E975F2A27C82BEB00D97675 /* HttpClientSpy.swift in Sources */,
				4E975F2527C82AC200D97675 /* TestExtentions.swift in Sources */,
				4E975F2D27C82C5000D97675 /* AccountModelFactory.swift in Sources */,
				4E7CBE13279CA37B00C586C5 /* RemoteAddAccount.swift in Sources */,
			);
			runOnlyForDeploymentPostprocessing = 0;
		};
		4E975F2F27C82DBF00D97675 /* Sources */ = {
			isa = PBXSourcesBuildPhase;
			buildActionMask = 2147483647;
			files = (
				4E975F5627CA5CF900D97675 /* AlamofireAdapter.swift in Sources */,
			);
			runOnlyForDeploymentPostprocessing = 0;
		};
		4E975F3627C82DBF00D97675 /* Sources */ = {
			isa = PBXSourcesBuildPhase;
			buildActionMask = 2147483647;
			files = (
				4E975F4E27C82F4500D97675 /* TestFactories.swift in Sources */,
				4E975F4D27C82F3C00D97675 /* TestExtentions.swift in Sources */,
				4E975F4027C82DBF00D97675 /* AlamofireAdapterTests.swift in Sources */,
				4E975F5A27CA5F0A00D97675 /* UrlProtocolStub.swift in Sources */,
			);
			runOnlyForDeploymentPostprocessing = 0;
		};
		4E975F5B27CA685F00D97675 /* Sources */ = {
			isa = PBXSourcesBuildPhase;
			buildActionMask = 2147483647;
			files = (
				4E975F6227CA685F00D97675 /* AddAccountIntegrationTests.swift in Sources */,
			);
			runOnlyForDeploymentPostprocessing = 0;
		};
		4E975F6E27CAD04C00D97675 /* Sources */ = {
			isa = PBXSourcesBuildPhase;
			buildActionMask = 2147483647;
			files = (
			);
			runOnlyForDeploymentPostprocessing = 0;
		};
		4E975F7527CAD04C00D97675 /* Sources */ = {
			isa = PBXSourcesBuildPhase;
			buildActionMask = 2147483647;
			files = (
				4E975F7F27CAD04C00D97675 /* SignUpPresenterTests.swift in Sources */,
			);
			runOnlyForDeploymentPostprocessing = 0;
		};
/* End PBXSourcesBuildPhase section */

/* Begin PBXTargetDependency section */
		4E7CBE10279CA37B00C586C5 /* PBXTargetDependency */ = {
			isa = PBXTargetDependency;
			target = 4E7CBE05279CA37B00C586C5 /* Data */;
			targetProxy = 4E7CBE0F279CA37B00C586C5 /* PBXContainerItemProxy */;
		};
		4E7CBE1F279CA43C00C586C5 /* PBXTargetDependency */ = {
			isa = PBXTargetDependency;
			target = 4E7CBDF5279CA16000C586C5 /* Domain */;
			targetProxy = 4E7CBE1E279CA43C00C586C5 /* PBXContainerItemProxy */;
		};
		4E975F3D27C82DBF00D97675 /* PBXTargetDependency */ = {
			isa = PBXTargetDependency;
			target = 4E975F3227C82DBF00D97675 /* Infra */;
			targetProxy = 4E975F3C27C82DBF00D97675 /* PBXContainerItemProxy */;
		};
		4E975F4B27C82F1300D97675 /* PBXTargetDependency */ = {
			isa = PBXTargetDependency;
			target = 4E7CBE05279CA37B00C586C5 /* Data */;
			targetProxy = 4E975F4A27C82F1300D97675 /* PBXContainerItemProxy */;
		};
		4E975F6527CA685F00D97675 /* PBXTargetDependency */ = {
			isa = PBXTargetDependency;
			target = 4E7CBE05279CA37B00C586C5 /* Data */;
			targetProxy = 4E975F6427CA685F00D97675 /* PBXContainerItemProxy */;
		};
		4E975F6A27CA687700D97675 /* PBXTargetDependency */ = {
			isa = PBXTargetDependency;
			target = 4E7CBDF5279CA16000C586C5 /* Domain */;
			targetProxy = 4E975F6927CA687700D97675 /* PBXContainerItemProxy */;
		};
		4E975F6C27CA687700D97675 /* PBXTargetDependency */ = {
			isa = PBXTargetDependency;
			target = 4E975F3227C82DBF00D97675 /* Infra */;
			targetProxy = 4E975F6B27CA687700D97675 /* PBXContainerItemProxy */;
		};
		4E975F7C27CAD04C00D97675 /* PBXTargetDependency */ = {
			isa = PBXTargetDependency;
			target = 4E975F7127CAD04C00D97675 /* Presentation */;
			targetProxy = 4E975F7B27CAD04C00D97675 /* PBXContainerItemProxy */;
		};
/* End PBXTargetDependency section */

/* Begin XCBuildConfiguration section */
		4E7CBDEC279CA09500C586C5 /* Debug */ = {
			isa = XCBuildConfiguration;
			buildSettings = {
				ALWAYS_SEARCH_USER_PATHS = NO;
				CLANG_ANALYZER_NONNULL = YES;
				CLANG_ANALYZER_NUMBER_OBJECT_CONVERSION = YES_AGGRESSIVE;
				CLANG_CXX_LANGUAGE_STANDARD = "gnu++17";
				CLANG_CXX_LIBRARY = "libc++";
				CLANG_ENABLE_MODULES = YES;
				CLANG_ENABLE_OBJC_ARC = YES;
				CLANG_ENABLE_OBJC_WEAK = YES;
				CLANG_WARN_BLOCK_CAPTURE_AUTORELEASING = YES;
				CLANG_WARN_BOOL_CONVERSION = YES;
				CLANG_WARN_COMMA = YES;
				CLANG_WARN_CONSTANT_CONVERSION = YES;
				CLANG_WARN_DEPRECATED_OBJC_IMPLEMENTATIONS = YES;
				CLANG_WARN_DIRECT_OBJC_ISA_USAGE = YES_ERROR;
				CLANG_WARN_DOCUMENTATION_COMMENTS = YES;
				CLANG_WARN_EMPTY_BODY = YES;
				CLANG_WARN_ENUM_CONVERSION = YES;
				CLANG_WARN_INFINITE_RECURSION = YES;
				CLANG_WARN_INT_CONVERSION = YES;
				CLANG_WARN_NON_LITERAL_NULL_CONVERSION = YES;
				CLANG_WARN_OBJC_IMPLICIT_RETAIN_SELF = YES;
				CLANG_WARN_OBJC_LITERAL_CONVERSION = YES;
				CLANG_WARN_OBJC_ROOT_CLASS = YES_ERROR;
				CLANG_WARN_QUOTED_INCLUDE_IN_FRAMEWORK_HEADER = YES;
				CLANG_WARN_RANGE_LOOP_ANALYSIS = YES;
				CLANG_WARN_STRICT_PROTOTYPES = YES;
				CLANG_WARN_SUSPICIOUS_MOVE = YES;
				CLANG_WARN_UNGUARDED_AVAILABILITY = YES_AGGRESSIVE;
				CLANG_WARN_UNREACHABLE_CODE = YES;
				CLANG_WARN__DUPLICATE_METHOD_MATCH = YES;
				COPY_PHASE_STRIP = NO;
				CURRENT_PROJECT_VERSION = 1;
				DEBUG_INFORMATION_FORMAT = dwarf;
				ENABLE_STRICT_OBJC_MSGSEND = YES;
				ENABLE_TESTABILITY = YES;
				GCC_C_LANGUAGE_STANDARD = gnu11;
				GCC_DYNAMIC_NO_PIC = NO;
				GCC_NO_COMMON_BLOCKS = YES;
				GCC_OPTIMIZATION_LEVEL = 0;
				GCC_PREPROCESSOR_DEFINITIONS = (
					"DEBUG=1",
					"$(inherited)",
				);
				GCC_WARN_64_TO_32_BIT_CONVERSION = YES;
				GCC_WARN_ABOUT_RETURN_TYPE = YES_ERROR;
				GCC_WARN_UNDECLARED_SELECTOR = YES;
				GCC_WARN_UNINITIALIZED_AUTOS = YES_AGGRESSIVE;
				GCC_WARN_UNUSED_FUNCTION = YES;
				GCC_WARN_UNUSED_VARIABLE = YES;
				IPHONEOS_DEPLOYMENT_TARGET = 15.2;
				MTL_ENABLE_DEBUG_INFO = INCLUDE_SOURCE;
				MTL_FAST_MATH = YES;
				ONLY_ACTIVE_ARCH = YES;
				SDKROOT = iphoneos;
				SWIFT_ACTIVE_COMPILATION_CONDITIONS = DEBUG;
				SWIFT_OPTIMIZATION_LEVEL = "-Onone";
				VERSIONING_SYSTEM = "apple-generic";
				VERSION_INFO_PREFIX = "";
			};
			name = Debug;
		};
		4E7CBDED279CA09500C586C5 /* Release */ = {
			isa = XCBuildConfiguration;
			buildSettings = {
				ALWAYS_SEARCH_USER_PATHS = NO;
				CLANG_ANALYZER_NONNULL = YES;
				CLANG_ANALYZER_NUMBER_OBJECT_CONVERSION = YES_AGGRESSIVE;
				CLANG_CXX_LANGUAGE_STANDARD = "gnu++17";
				CLANG_CXX_LIBRARY = "libc++";
				CLANG_ENABLE_MODULES = YES;
				CLANG_ENABLE_OBJC_ARC = YES;
				CLANG_ENABLE_OBJC_WEAK = YES;
				CLANG_WARN_BLOCK_CAPTURE_AUTORELEASING = YES;
				CLANG_WARN_BOOL_CONVERSION = YES;
				CLANG_WARN_COMMA = YES;
				CLANG_WARN_CONSTANT_CONVERSION = YES;
				CLANG_WARN_DEPRECATED_OBJC_IMPLEMENTATIONS = YES;
				CLANG_WARN_DIRECT_OBJC_ISA_USAGE = YES_ERROR;
				CLANG_WARN_DOCUMENTATION_COMMENTS = YES;
				CLANG_WARN_EMPTY_BODY = YES;
				CLANG_WARN_ENUM_CONVERSION = YES;
				CLANG_WARN_INFINITE_RECURSION = YES;
				CLANG_WARN_INT_CONVERSION = YES;
				CLANG_WARN_NON_LITERAL_NULL_CONVERSION = YES;
				CLANG_WARN_OBJC_IMPLICIT_RETAIN_SELF = YES;
				CLANG_WARN_OBJC_LITERAL_CONVERSION = YES;
				CLANG_WARN_OBJC_ROOT_CLASS = YES_ERROR;
				CLANG_WARN_QUOTED_INCLUDE_IN_FRAMEWORK_HEADER = YES;
				CLANG_WARN_RANGE_LOOP_ANALYSIS = YES;
				CLANG_WARN_STRICT_PROTOTYPES = YES;
				CLANG_WARN_SUSPICIOUS_MOVE = YES;
				CLANG_WARN_UNGUARDED_AVAILABILITY = YES_AGGRESSIVE;
				CLANG_WARN_UNREACHABLE_CODE = YES;
				CLANG_WARN__DUPLICATE_METHOD_MATCH = YES;
				COPY_PHASE_STRIP = NO;
				CURRENT_PROJECT_VERSION = 1;
				DEBUG_INFORMATION_FORMAT = "dwarf-with-dsym";
				ENABLE_NS_ASSERTIONS = NO;
				ENABLE_STRICT_OBJC_MSGSEND = YES;
				GCC_C_LANGUAGE_STANDARD = gnu11;
				GCC_NO_COMMON_BLOCKS = YES;
				GCC_WARN_64_TO_32_BIT_CONVERSION = YES;
				GCC_WARN_ABOUT_RETURN_TYPE = YES_ERROR;
				GCC_WARN_UNDECLARED_SELECTOR = YES;
				GCC_WARN_UNINITIALIZED_AUTOS = YES_AGGRESSIVE;
				GCC_WARN_UNUSED_FUNCTION = YES;
				GCC_WARN_UNUSED_VARIABLE = YES;
				IPHONEOS_DEPLOYMENT_TARGET = 15.2;
				MTL_ENABLE_DEBUG_INFO = NO;
				MTL_FAST_MATH = YES;
				SDKROOT = iphoneos;
				SWIFT_COMPILATION_MODE = wholemodule;
				SWIFT_OPTIMIZATION_LEVEL = "-O";
				VALIDATE_PRODUCT = YES;
				VERSIONING_SYSTEM = "apple-generic";
				VERSION_INFO_PREFIX = "";
			};
			name = Release;
		};
		4E7CBDFB279CA16000C586C5 /* Debug */ = {
			isa = XCBuildConfiguration;
			buildSettings = {
				CLANG_ENABLE_MODULES = YES;
				CODE_SIGN_STYLE = Automatic;
				COMBINE_HIDPI_IMAGES = YES;
				CURRENT_PROJECT_VERSION = 1;
				DEFINES_MODULE = YES;
				DYLIB_COMPATIBILITY_VERSION = 1;
				DYLIB_CURRENT_VERSION = 1;
				DYLIB_INSTALL_NAME_BASE = "@rpath";
				GENERATE_INFOPLIST_FILE = YES;
				INFOPLIST_KEY_NSHumanReadableCopyright = "";
				INSTALL_PATH = "$(LOCAL_LIBRARY_DIR)/Frameworks";
				LD_RUNPATH_SEARCH_PATHS = (
					"$(inherited)",
					"@executable_path/../Frameworks",
					"@loader_path/Frameworks",
				);
				MACOSX_DEPLOYMENT_TARGET = 12.1;
				MARKETING_VERSION = 1.0;
				PRODUCT_BUNDLE_IDENTIFIER = "io.oliveira-gabriel.Domain";
				PRODUCT_NAME = "$(TARGET_NAME:c99extidentifier)";
				SDKROOT = macosx;
				SKIP_INSTALL = YES;
				SWIFT_EMIT_LOC_STRINGS = YES;
				SWIFT_OPTIMIZATION_LEVEL = "-Onone";
				SWIFT_VERSION = 5.0;
			};
			name = Debug;
		};
		4E7CBDFC279CA16000C586C5 /* Release */ = {
			isa = XCBuildConfiguration;
			buildSettings = {
				CLANG_ENABLE_MODULES = YES;
				CODE_SIGN_STYLE = Automatic;
				COMBINE_HIDPI_IMAGES = YES;
				CURRENT_PROJECT_VERSION = 1;
				DEFINES_MODULE = YES;
				DYLIB_COMPATIBILITY_VERSION = 1;
				DYLIB_CURRENT_VERSION = 1;
				DYLIB_INSTALL_NAME_BASE = "@rpath";
				GENERATE_INFOPLIST_FILE = YES;
				INFOPLIST_KEY_NSHumanReadableCopyright = "";
				INSTALL_PATH = "$(LOCAL_LIBRARY_DIR)/Frameworks";
				LD_RUNPATH_SEARCH_PATHS = (
					"$(inherited)",
					"@executable_path/../Frameworks",
					"@loader_path/Frameworks",
				);
				MACOSX_DEPLOYMENT_TARGET = 12.1;
				MARKETING_VERSION = 1.0;
				PRODUCT_BUNDLE_IDENTIFIER = "io.oliveira-gabriel.Domain";
				PRODUCT_NAME = "$(TARGET_NAME:c99extidentifier)";
				SDKROOT = macosx;
				SKIP_INSTALL = YES;
				SWIFT_EMIT_LOC_STRINGS = YES;
				SWIFT_VERSION = 5.0;
			};
			name = Release;
		};
		4E7CBE16279CA37B00C586C5 /* Debug */ = {
			isa = XCBuildConfiguration;
			buildSettings = {
				CLANG_ENABLE_MODULES = YES;
				CODE_SIGN_STYLE = Automatic;
				COMBINE_HIDPI_IMAGES = YES;
				CURRENT_PROJECT_VERSION = 1;
				DEFINES_MODULE = YES;
				DYLIB_COMPATIBILITY_VERSION = 1;
				DYLIB_CURRENT_VERSION = 1;
				DYLIB_INSTALL_NAME_BASE = "@rpath";
				GENERATE_INFOPLIST_FILE = YES;
				INFOPLIST_KEY_NSHumanReadableCopyright = "";
				INSTALL_PATH = "$(LOCAL_LIBRARY_DIR)/Frameworks";
				LD_RUNPATH_SEARCH_PATHS = (
					"$(inherited)",
					"@executable_path/../Frameworks",
					"@loader_path/Frameworks",
				);
				MACOSX_DEPLOYMENT_TARGET = 12.1;
				MARKETING_VERSION = 1.0;
				PRODUCT_BUNDLE_IDENTIFIER = "io.oliveira-gabriel.Data";
				PRODUCT_NAME = "$(TARGET_NAME:c99extidentifier)";
				SDKROOT = macosx;
				SKIP_INSTALL = YES;
				SWIFT_EMIT_LOC_STRINGS = YES;
				SWIFT_OPTIMIZATION_LEVEL = "-Onone";
				SWIFT_VERSION = 5.0;
			};
			name = Debug;
		};
		4E7CBE17279CA37B00C586C5 /* Release */ = {
			isa = XCBuildConfiguration;
			buildSettings = {
				CLANG_ENABLE_MODULES = YES;
				CODE_SIGN_STYLE = Automatic;
				COMBINE_HIDPI_IMAGES = YES;
				CURRENT_PROJECT_VERSION = 1;
				DEFINES_MODULE = YES;
				DYLIB_COMPATIBILITY_VERSION = 1;
				DYLIB_CURRENT_VERSION = 1;
				DYLIB_INSTALL_NAME_BASE = "@rpath";
				GENERATE_INFOPLIST_FILE = YES;
				INFOPLIST_KEY_NSHumanReadableCopyright = "";
				INSTALL_PATH = "$(LOCAL_LIBRARY_DIR)/Frameworks";
				LD_RUNPATH_SEARCH_PATHS = (
					"$(inherited)",
					"@executable_path/../Frameworks",
					"@loader_path/Frameworks",
				);
				MACOSX_DEPLOYMENT_TARGET = 12.1;
				MARKETING_VERSION = 1.0;
				PRODUCT_BUNDLE_IDENTIFIER = "io.oliveira-gabriel.Data";
				PRODUCT_NAME = "$(TARGET_NAME:c99extidentifier)";
				SDKROOT = macosx;
				SKIP_INSTALL = YES;
				SWIFT_EMIT_LOC_STRINGS = YES;
				SWIFT_VERSION = 5.0;
			};
			name = Release;
		};
		4E7CBE19279CA37B00C586C5 /* Debug */ = {
			isa = XCBuildConfiguration;
			buildSettings = {
				ALWAYS_EMBED_SWIFT_STANDARD_LIBRARIES = YES;
				CODE_SIGN_STYLE = Automatic;
				CURRENT_PROJECT_VERSION = 1;
				GENERATE_INFOPLIST_FILE = YES;
				MACOSX_DEPLOYMENT_TARGET = 12.1;
				MARKETING_VERSION = 1.0;
				PRODUCT_BUNDLE_IDENTIFIER = "io.oliveira-gabriel.DataTests";
				PRODUCT_NAME = "$(TARGET_NAME)";
				SDKROOT = macosx;
				SWIFT_EMIT_LOC_STRINGS = NO;
				SWIFT_VERSION = 5.0;
			};
			name = Debug;
		};
		4E7CBE1A279CA37B00C586C5 /* Release */ = {
			isa = XCBuildConfiguration;
			buildSettings = {
				ALWAYS_EMBED_SWIFT_STANDARD_LIBRARIES = YES;
				CODE_SIGN_STYLE = Automatic;
				CURRENT_PROJECT_VERSION = 1;
				GENERATE_INFOPLIST_FILE = YES;
				MACOSX_DEPLOYMENT_TARGET = 12.1;
				MARKETING_VERSION = 1.0;
				PRODUCT_BUNDLE_IDENTIFIER = "io.oliveira-gabriel.DataTests";
				PRODUCT_NAME = "$(TARGET_NAME)";
				SDKROOT = macosx;
				SWIFT_EMIT_LOC_STRINGS = NO;
				SWIFT_VERSION = 5.0;
			};
			name = Release;
		};
		4E975F4327C82DBF00D97675 /* Debug */ = {
			isa = XCBuildConfiguration;
			buildSettings = {
				CLANG_ENABLE_MODULES = YES;
				CODE_SIGN_STYLE = Automatic;
				COMBINE_HIDPI_IMAGES = YES;
				CURRENT_PROJECT_VERSION = 1;
				DEFINES_MODULE = YES;
				DYLIB_COMPATIBILITY_VERSION = 1;
				DYLIB_CURRENT_VERSION = 1;
				DYLIB_INSTALL_NAME_BASE = "@rpath";
				GENERATE_INFOPLIST_FILE = YES;
				INFOPLIST_KEY_NSHumanReadableCopyright = "";
				INSTALL_PATH = "$(LOCAL_LIBRARY_DIR)/Frameworks";
				LD_RUNPATH_SEARCH_PATHS = (
					"$(inherited)",
					"@executable_path/../Frameworks",
					"@loader_path/Frameworks",
				);
				MACOSX_DEPLOYMENT_TARGET = 12.1;
				MARKETING_VERSION = 1.0;
				PRODUCT_BUNDLE_IDENTIFIER = "io.oliveira-gabriel.Infra";
				PRODUCT_NAME = "$(TARGET_NAME:c99extidentifier)";
				SDKROOT = macosx;
				SKIP_INSTALL = YES;
				SWIFT_EMIT_LOC_STRINGS = YES;
				SWIFT_OPTIMIZATION_LEVEL = "-Onone";
				SWIFT_VERSION = 5.0;
			};
			name = Debug;
		};
		4E975F4427C82DBF00D97675 /* Release */ = {
			isa = XCBuildConfiguration;
			buildSettings = {
				CLANG_ENABLE_MODULES = YES;
				CODE_SIGN_STYLE = Automatic;
				COMBINE_HIDPI_IMAGES = YES;
				CURRENT_PROJECT_VERSION = 1;
				DEFINES_MODULE = YES;
				DYLIB_COMPATIBILITY_VERSION = 1;
				DYLIB_CURRENT_VERSION = 1;
				DYLIB_INSTALL_NAME_BASE = "@rpath";
				GENERATE_INFOPLIST_FILE = YES;
				INFOPLIST_KEY_NSHumanReadableCopyright = "";
				INSTALL_PATH = "$(LOCAL_LIBRARY_DIR)/Frameworks";
				LD_RUNPATH_SEARCH_PATHS = (
					"$(inherited)",
					"@executable_path/../Frameworks",
					"@loader_path/Frameworks",
				);
				MACOSX_DEPLOYMENT_TARGET = 12.1;
				MARKETING_VERSION = 1.0;
				PRODUCT_BUNDLE_IDENTIFIER = "io.oliveira-gabriel.Infra";
				PRODUCT_NAME = "$(TARGET_NAME:c99extidentifier)";
				SDKROOT = macosx;
				SKIP_INSTALL = YES;
				SWIFT_EMIT_LOC_STRINGS = YES;
				SWIFT_VERSION = 5.0;
			};
			name = Release;
		};
		4E975F4627C82DBF00D97675 /* Debug */ = {
			isa = XCBuildConfiguration;
			buildSettings = {
				ALWAYS_EMBED_SWIFT_STANDARD_LIBRARIES = YES;
				CODE_SIGN_STYLE = Automatic;
				CURRENT_PROJECT_VERSION = 1;
				GENERATE_INFOPLIST_FILE = YES;
				MACOSX_DEPLOYMENT_TARGET = 12.1;
				MARKETING_VERSION = 1.0;
				PRODUCT_BUNDLE_IDENTIFIER = "io.oliveira-gabriel.InfraTests";
				PRODUCT_NAME = "$(TARGET_NAME)";
				SDKROOT = macosx;
				SWIFT_EMIT_LOC_STRINGS = NO;
				SWIFT_VERSION = 5.0;
			};
			name = Debug;
		};
		4E975F4727C82DBF00D97675 /* Release */ = {
			isa = XCBuildConfiguration;
			buildSettings = {
				ALWAYS_EMBED_SWIFT_STANDARD_LIBRARIES = YES;
				CODE_SIGN_STYLE = Automatic;
				CURRENT_PROJECT_VERSION = 1;
				GENERATE_INFOPLIST_FILE = YES;
				MACOSX_DEPLOYMENT_TARGET = 12.1;
				MARKETING_VERSION = 1.0;
				PRODUCT_BUNDLE_IDENTIFIER = "io.oliveira-gabriel.InfraTests";
				PRODUCT_NAME = "$(TARGET_NAME)";
				SDKROOT = macosx;
				SWIFT_EMIT_LOC_STRINGS = NO;
				SWIFT_VERSION = 5.0;
			};
			name = Release;
		};
		4E975F6727CA685F00D97675 /* Debug */ = {
			isa = XCBuildConfiguration;
			buildSettings = {
				CODE_SIGN_STYLE = Automatic;
				CURRENT_PROJECT_VERSION = 1;
				GENERATE_INFOPLIST_FILE = YES;
				MACOSX_DEPLOYMENT_TARGET = 12.1;
				MARKETING_VERSION = 1.0;
				PRODUCT_BUNDLE_IDENTIFIER = "io.oliveira-gabriel.UseCasesIntegrationTests";
				PRODUCT_NAME = "$(TARGET_NAME)";
				SDKROOT = macosx;
				SWIFT_EMIT_LOC_STRINGS = NO;
				SWIFT_VERSION = 5.0;
			};
			name = Debug;
		};
		4E975F6827CA685F00D97675 /* Release */ = {
			isa = XCBuildConfiguration;
			buildSettings = {
				CODE_SIGN_STYLE = Automatic;
				CURRENT_PROJECT_VERSION = 1;
				GENERATE_INFOPLIST_FILE = YES;
				MACOSX_DEPLOYMENT_TARGET = 12.1;
				MARKETING_VERSION = 1.0;
				PRODUCT_BUNDLE_IDENTIFIER = "io.oliveira-gabriel.UseCasesIntegrationTests";
				PRODUCT_NAME = "$(TARGET_NAME)";
				SDKROOT = macosx;
				SWIFT_EMIT_LOC_STRINGS = NO;
				SWIFT_VERSION = 5.0;
			};
			name = Release;
		};
		4E975F8227CAD04C00D97675 /* Debug */ = {
			isa = XCBuildConfiguration;
			buildSettings = {
				CODE_SIGN_STYLE = Automatic;
				COMBINE_HIDPI_IMAGES = YES;
				CURRENT_PROJECT_VERSION = 1;
				DEFINES_MODULE = YES;
				DYLIB_COMPATIBILITY_VERSION = 1;
				DYLIB_CURRENT_VERSION = 1;
				DYLIB_INSTALL_NAME_BASE = "@rpath";
				GENERATE_INFOPLIST_FILE = YES;
				INFOPLIST_KEY_NSHumanReadableCopyright = "";
				INSTALL_PATH = "$(LOCAL_LIBRARY_DIR)/Frameworks";
				LD_RUNPATH_SEARCH_PATHS = (
					"$(inherited)",
					"@executable_path/../Frameworks",
					"@loader_path/Frameworks",
				);
				MACOSX_DEPLOYMENT_TARGET = 12.1;
				MARKETING_VERSION = 1.0;
				PRODUCT_BUNDLE_IDENTIFIER = "io.oliveira-gabriel.Presentation";
				PRODUCT_NAME = "$(TARGET_NAME:c99extidentifier)";
				SDKROOT = macosx;
				SKIP_INSTALL = YES;
				SWIFT_EMIT_LOC_STRINGS = YES;
				SWIFT_VERSION = 5.0;
			};
			name = Debug;
		};
		4E975F8327CAD04C00D97675 /* Release */ = {
			isa = XCBuildConfiguration;
			buildSettings = {
				CODE_SIGN_STYLE = Automatic;
				COMBINE_HIDPI_IMAGES = YES;
				CURRENT_PROJECT_VERSION = 1;
				DEFINES_MODULE = YES;
				DYLIB_COMPATIBILITY_VERSION = 1;
				DYLIB_CURRENT_VERSION = 1;
				DYLIB_INSTALL_NAME_BASE = "@rpath";
				GENERATE_INFOPLIST_FILE = YES;
				INFOPLIST_KEY_NSHumanReadableCopyright = "";
				INSTALL_PATH = "$(LOCAL_LIBRARY_DIR)/Frameworks";
				LD_RUNPATH_SEARCH_PATHS = (
					"$(inherited)",
					"@executable_path/../Frameworks",
					"@loader_path/Frameworks",
				);
				MACOSX_DEPLOYMENT_TARGET = 12.1;
				MARKETING_VERSION = 1.0;
				PRODUCT_BUNDLE_IDENTIFIER = "io.oliveira-gabriel.Presentation";
				PRODUCT_NAME = "$(TARGET_NAME:c99extidentifier)";
				SDKROOT = macosx;
				SKIP_INSTALL = YES;
				SWIFT_EMIT_LOC_STRINGS = YES;
				SWIFT_VERSION = 5.0;
			};
			name = Release;
		};
		4E975F8527CAD04C00D97675 /* Debug */ = {
			isa = XCBuildConfiguration;
			buildSettings = {
				CODE_SIGN_STYLE = Automatic;
				CURRENT_PROJECT_VERSION = 1;
				GENERATE_INFOPLIST_FILE = YES;
				MACOSX_DEPLOYMENT_TARGET = 12.1;
				MARKETING_VERSION = 1.0;
				PRODUCT_BUNDLE_IDENTIFIER = "io.oliveira-gabriel.PresentationTests";
				PRODUCT_NAME = "$(TARGET_NAME)";
				SDKROOT = macosx;
				SWIFT_EMIT_LOC_STRINGS = NO;
				SWIFT_VERSION = 5.0;
			};
			name = Debug;
		};
		4E975F8627CAD04C00D97675 /* Release */ = {
			isa = XCBuildConfiguration;
			buildSettings = {
				CODE_SIGN_STYLE = Automatic;
				CURRENT_PROJECT_VERSION = 1;
				GENERATE_INFOPLIST_FILE = YES;
				MACOSX_DEPLOYMENT_TARGET = 12.1;
				MARKETING_VERSION = 1.0;
				PRODUCT_BUNDLE_IDENTIFIER = "io.oliveira-gabriel.PresentationTests";
				PRODUCT_NAME = "$(TARGET_NAME)";
				SDKROOT = macosx;
				SWIFT_EMIT_LOC_STRINGS = NO;
				SWIFT_VERSION = 5.0;
			};
			name = Release;
		};
/* End XCBuildConfiguration section */

/* Begin XCConfigurationList section */
		4E7CBDE1279CA09400C586C5 /* Build configuration list for PBXProject "CleanApp" */ = {
			isa = XCConfigurationList;
			buildConfigurations = (
				4E7CBDEC279CA09500C586C5 /* Debug */,
				4E7CBDED279CA09500C586C5 /* Release */,
			);
			defaultConfigurationIsVisible = 0;
			defaultConfigurationName = Release;
		};
		4E7CBDFA279CA16000C586C5 /* Build configuration list for PBXNativeTarget "Domain" */ = {
			isa = XCConfigurationList;
			buildConfigurations = (
				4E7CBDFB279CA16000C586C5 /* Debug */,
				4E7CBDFC279CA16000C586C5 /* Release */,
			);
			defaultConfigurationIsVisible = 0;
			defaultConfigurationName = Release;
		};
		4E7CBE15279CA37B00C586C5 /* Build configuration list for PBXNativeTarget "Data" */ = {
			isa = XCConfigurationList;
			buildConfigurations = (
				4E7CBE16279CA37B00C586C5 /* Debug */,
				4E7CBE17279CA37B00C586C5 /* Release */,
			);
			defaultConfigurationIsVisible = 0;
			defaultConfigurationName = Release;
		};
		4E7CBE18279CA37B00C586C5 /* Build configuration list for PBXNativeTarget "DataTests" */ = {
			isa = XCConfigurationList;
			buildConfigurations = (
				4E7CBE19279CA37B00C586C5 /* Debug */,
				4E7CBE1A279CA37B00C586C5 /* Release */,
			);
			defaultConfigurationIsVisible = 0;
			defaultConfigurationName = Release;
		};
		4E975F4227C82DBF00D97675 /* Build configuration list for PBXNativeTarget "Infra" */ = {
			isa = XCConfigurationList;
			buildConfigurations = (
				4E975F4327C82DBF00D97675 /* Debug */,
				4E975F4427C82DBF00D97675 /* Release */,
			);
			defaultConfigurationIsVisible = 0;
			defaultConfigurationName = Release;
		};
		4E975F4527C82DBF00D97675 /* Build configuration list for PBXNativeTarget "InfraTests" */ = {
			isa = XCConfigurationList;
			buildConfigurations = (
				4E975F4627C82DBF00D97675 /* Debug */,
				4E975F4727C82DBF00D97675 /* Release */,
			);
			defaultConfigurationIsVisible = 0;
			defaultConfigurationName = Release;
		};
		4E975F6627CA685F00D97675 /* Build configuration list for PBXNativeTarget "UseCasesIntegrationTests" */ = {
			isa = XCConfigurationList;
			buildConfigurations = (
				4E975F6727CA685F00D97675 /* Debug */,
				4E975F6827CA685F00D97675 /* Release */,
			);
			defaultConfigurationIsVisible = 0;
			defaultConfigurationName = Release;
		};
		4E975F8127CAD04C00D97675 /* Build configuration list for PBXNativeTarget "Presentation" */ = {
			isa = XCConfigurationList;
			buildConfigurations = (
				4E975F8227CAD04C00D97675 /* Debug */,
				4E975F8327CAD04C00D97675 /* Release */,
			);
			defaultConfigurationIsVisible = 0;
			defaultConfigurationName = Release;
		};
		4E975F8427CAD04C00D97675 /* Build configuration list for PBXNativeTarget "PresentationTests" */ = {
			isa = XCConfigurationList;
			buildConfigurations = (
				4E975F8527CAD04C00D97675 /* Debug */,
				4E975F8627CAD04C00D97675 /* Release */,
			);
			defaultConfigurationIsVisible = 0;
			defaultConfigurationName = Release;
		};
/* End XCConfigurationList section */

/* Begin XCRemoteSwiftPackageReference section */
		4E975F4F27C8300F00D97675 /* XCRemoteSwiftPackageReference "Alamofire" */ = {
			isa = XCRemoteSwiftPackageReference;
			repositoryURL = "https://github.com/Alamofire/Alamofire.git";
			requirement = {
				kind = upToNextMajorVersion;
				minimumVersion = 5.0.0;
			};
		};
/* End XCRemoteSwiftPackageReference section */

/* Begin XCSwiftPackageProductDependency section */
		4E975F5027C8300F00D97675 /* Alamofire */ = {
			isa = XCSwiftPackageProductDependency;
			package = 4E975F4F27C8300F00D97675 /* XCRemoteSwiftPackageReference "Alamofire" */;
			productName = Alamofire;
		};
/* End XCSwiftPackageProductDependency section */
	};
	rootObject = 4E7CBDDE279CA09400C586C5 /* Project object */;
}
